
Microsoft Visual Studio Solution File, Format Version 12.00
# Visual Studio Version 17
VisualStudioVersion = 17.0.31903.59
MinimumVisualStudioVersion = 10.0.40219.1
Project("{8BC9CEB8-8B4A-11D0-8D11-00A0C91BC942}") = "cvsd_plc", "cvsd_plc\cvsd_plc.vcxproj", "{2F6E94F7-2428-487F-A1EF-ADFD7802D637}"
EndProject
Global
	GlobalSection(SolutionConfigurationPlatforms) = preSolution
		Debug|x64 = Debug|x64
		Debug|x86 = Debug|x86
		Release|x64 = Release|x64
		Release|x86 = Release|x86
	EndGlobalSection
	GlobalSection(ProjectConfigurationPlatforms) = postSolution
		{2F6E94F7-2428-487F-A1EF-ADFD7802D637}.Debug|x64.ActiveCfg = Debug|x64
		{2F6E94F7-2428-487F-A1EF-ADFD7802D637}.Debug|x64.Build.0 = Debug|x64
		{2F6E94F7-2428-487F-A1EF-ADFD7802D637}.Debug|x86.ActiveCfg = Debug|Win32
		{2F6E94F7-2428-487F-A1EF-ADFD7802D637}.Debug|x86.Build.0 = Debug|Win32
		{2F6E94F7-2428-487F-A1EF-ADFD7802D637}.Release|x64.ActiveCfg = Release|x64
		{2F6E94F7-2428-487F-A1EF-ADFD7802D637}.Release|x64.Build.0 = Release|x64
		{2F6E94F7-2428-487F-A1EF-ADFD7802D637}.Release|x86.ActiveCfg = Release|Win32
		{2F6E94F7-2428-487F-A1EF-ADFD7802D637}.Release|x86.Build.0 = Release|Win32
	EndGlobalSection
	GlobalSection(SolutionProperties) = preSolution
		HideSolutionNode = FALSE
	EndGlobalSection
	GlobalSection(ExtensibilityGlobals) = postSolution
		SolutionGuid = {5AC5E610-36CE-4432-9674-D4ED4DDCA6AE}
	EndGlobalSection
EndGlobal
